
Microsoft Visual Studio Solution File, Format Version 12.00
# Visual Studio 2013
VisualStudioVersion = 12.0.31101.0
MinimumVisualStudioVersion = 10.0.40219.1
Project("{FAE04EC0-301F-11D3-BF4B-00C04F79EFBC}") = "MSDSHelper", "MSDSHelper\MSDSHelper.csproj", "{FA63C3BC-25EC-4AB9-8A3B-BED67B379D7A}"
EndProject
Project("{FAE04EC0-301F-11D3-BF4B-00C04F79EFBC}") = "MSDSHelper.DAL", "MSDSHelper.DAL\MSDSHelper.DAL.csproj", "{CBE69BD8-C0C2-47A1-95AD-F110C324624C}"
EndProject
Project("{FAE04EC0-301F-11D3-BF4B-00C04F79EFBC}") = "MSDSHelper.Model", "MSDSHelper.Model\MSDSHelper.Model.csproj", "{53539709-26DB-40D1-BEDD-501421F08657}"
EndProject
Project("{FAE04EC0-301F-11D3-BF4B-00C04F79EFBC}") = "MSDSHelper.BLL", "MSDSHelper.BLL\MSDSHelper.BLL.csproj", "{235FA7D3-979F-40DE-BF6F-F5280F74CFC7}"
EndProject
Global
	GlobalSection(SolutionConfigurationPlatforms) = preSolution
		Debug|Any CPU = Debug|Any CPU
		Release|Any CPU = Release|Any CPU
	EndGlobalSection
	GlobalSection(ProjectConfigurationPlatforms) = postSolution
		{FA63C3BC-25EC-4AB9-8A3B-BED67B379D7A}.Debug|Any CPU.ActiveCfg = Debug|Any CPU
		{FA63C3BC-25EC-4AB9-8A3B-BED67B379D7A}.Debug|Any CPU.Build.0 = Debug|Any CPU
		{FA63C3BC-25EC-4AB9-8A3B-BED67B379D7A}.Release|Any CPU.ActiveCfg = Release|Any CPU
		{FA63C3BC-25EC-4AB9-8A3B-BED67B379D7A}.Release|Any CPU.Build.0 = Release|Any CPU
		{CBE69BD8-C0C2-47A1-95AD-F110C324624C}.Debug|Any CPU.ActiveCfg = Debug|Any CPU
		{CBE69BD8-C0C2-47A1-95AD-F110C324624C}.Debug|Any CPU.Build.0 = Debug|Any CPU
		{CBE69BD8-C0C2-47A1-95AD-F110C324624C}.Release|Any CPU.ActiveCfg = Release|Any CPU
		{CBE69BD8-C0C2-47A1-95AD-F110C324624C}.Release|Any CPU.Build.0 = Release|Any CPU
		{53539709-26DB-40D1-BEDD-501421F08657}.Debug|Any CPU.ActiveCfg = Debug|Any CPU
		{53539709-26DB-40D1-BEDD-501421F08657}.Debug|Any CPU.Build.0 = Debug|Any CPU
		{53539709-26DB-40D1-BEDD-501421F08657}.Release|Any CPU.ActiveCfg = Release|Any CPU
		{53539709-26DB-40D1-BEDD-501421F08657}.Release|Any CPU.Build.0 = Release|Any CPU
		{235FA7D3-979F-40DE-BF6F-F5280F74CFC7}.Debug|Any CPU.ActiveCfg = Debug|Any CPU
		{235FA7D3-979F-40DE-BF6F-F5280F74CFC7}.Debug|Any CPU.Build.0 = Debug|Any CPU
		{235FA7D3-979F-40DE-BF6F-F5280F74CFC7}.Release|Any CPU.ActiveCfg = Release|Any CPU
		{235FA7D3-979F-40DE-BF6F-F5280F74CFC7}.Release|Any CPU.Build.0 = Release|Any CPU
	EndGlobalSection
	GlobalSection(SolutionProperties) = preSolution
		HideSolutionNode = FALSE
	EndGlobalSection
EndGlobal
